
Microsoft Visual Studio Solution File, Format Version 12.00
# Visual Studio Version 17
VisualStudioVersion = 17.5.33424.131
MinimumVisualStudioVersion = 10.0.40219.1
Project("{2150E333-8FDC-42A3-9474-1A3956D46DE8}") = "00.Framework", "00.Framework", "{77CC7581-9BD8-4EB9-81E7-E7EABA3AA00D}"
EndProject
Project("{2150E333-8FDC-42A3-9474-1A3956D46DE8}") = "01.Core", "01.Core", "{A8CBFD8A-8F47-4CB2-82E7-DF90829CF274}"
EndProject
Project("{2150E333-8FDC-42A3-9474-1A3956D46DE8}") = "02.Infra", "02.Infra", "{4C13DE35-F5A1-4964-AE53-EDBE24753BF1}"
EndProject
Project("{2150E333-8FDC-42A3-9474-1A3956D46DE8}") = "03.EndPoints", "03.EndPoints", "{EF5339E7-AC8C-4D89-B059-83164E087656}"
EndProject
Project("{9A19103F-16F7-4668-BE54-9A1E7A4F7556}") = "CBSD.Framework.Domain", "00.Framework\Framework.Domain\CBSD.Framework.Domain.csproj", "{1B649C66-B494-4F2C-ADF1-E050C7BFF239}"
EndProject
Project("{9A19103F-16F7-4668-BE54-9A1E7A4F7556}") = "CBSD.Framwork.Tools", "00.Framework\Framwork.Tools\CBSD.Framwork.Tools.csproj", "{FD9C703B-F5AD-4362-9D34-63D5ED1E242D}"
EndProject
Project("{9A19103F-16F7-4668-BE54-9A1E7A4F7556}") = "CBSD.Core.ApplicationServices", "01.Core\CBSD.Core.ApplicationServices\CBSD.Core.ApplicationServices.csproj", "{1190507D-F569-46C9-98A1-CD4A993D07EB}"
EndProject
Project("{9A19103F-16F7-4668-BE54-9A1E7A4F7556}") = "CBSD.Seller.Core.Domain", "01.Core\CBSD.SellerContext.Core.Domain\CBSD.Seller.Core.Domain.csproj", "{21759A1B-EA3C-43FB-975E-39A050A0EE00}"
EndProject
Project("{9A19103F-16F7-4668-BE54-9A1E7A4F7556}") = "CBSD.Infra.Data.Sql", "02.Infra\CBSD.Seller.Infra.Data.Sql\CBSD.Infra.Data.Sql.csproj", "{7DF7A1F3-18AB-4AB4-AC38-6EFBC17EF3FC}"
EndProject
Project("{9A19103F-16F7-4668-BE54-9A1E7A4F7556}") = "CBSD.Infra.Data.InMemory", "02.Infra\CBSD.Seller.Infra.Data.InMemory\CBSD.Infra.Data.InMemory.csproj", "{F9D42049-6C08-4C6E-8972-6B0D4099EE23}"
EndProject
Project("{9A19103F-16F7-4668-BE54-9A1E7A4F7556}") = "CBSD.Seller.EndPoints.API", "03.EndPoints\CBSD.Seller.EndPoints.API\CBSD.Seller.EndPoints.API.csproj", "{EFA7C63E-475F-437E-A0C9-807AC7E96173}"
EndProject
Project("{2150E333-8FDC-42A3-9474-1A3956D46DE8}") = "Data", "Data", "{69087EAB-F50F-4D83-BBB4-35C231A5BB9F}"
EndProject
Project("{9A19103F-16F7-4668-BE54-9A1E7A4F7556}") = "CBSD.Infra.Data.EventSourcing", "02.Infra\CBSD.Infra.Data.EventSourcing\CBSD.Infra.Data.EventSourcing.csproj", "{BA37491C-A606-4B89-BD72-4B1EAA42DEBA}"
EndProject
Project("{2150E333-8FDC-42A3-9474-1A3956D46DE8}") = "SellerTest", "SellerTest", "{A7358651-4C86-47DC-9C29-C3915E6B0562}"
EndProject
Project("{9A19103F-16F7-4668-BE54-9A1E7A4F7556}") = "EdgeDriverTestSeller", "Test\Seller\EdgeDriverTestSeller\EdgeDriverTestSeller.csproj", "{EB1C1662-34D8-4336-97C9-81C3F623C2C7}"
EndProject
Project("{FAE04EC0-301F-11D3-BF4B-00C04F79EFBC}") = "xunitTest", "xunitTest\xunitTest.csproj", "{676CC564-2823-4E18-9669-261B27768869}"
EndProject
Global
	GlobalSection(SolutionConfigurationPlatforms) = preSolution
		Debug|Any CPU = Debug|Any CPU
		Release|Any CPU = Release|Any CPU
	EndGlobalSection
	GlobalSection(ProjectConfigurationPlatforms) = postSolution
		{1B649C66-B494-4F2C-ADF1-E050C7BFF239}.Debug|Any CPU.ActiveCfg = Debug|Any CPU
		{1B649C66-B494-4F2C-ADF1-E050C7BFF239}.Debug|Any CPU.Build.0 = Debug|Any CPU
		{1B649C66-B494-4F2C-ADF1-E050C7BFF239}.Release|Any CPU.ActiveCfg = Release|Any CPU
		{1B649C66-B494-4F2C-ADF1-E050C7BFF239}.Release|Any CPU.Build.0 = Release|Any CPU
		{FD9C703B-F5AD-4362-9D34-63D5ED1E242D}.Debug|Any CPU.ActiveCfg = Debug|Any CPU
		{FD9C703B-F5AD-4362-9D34-63D5ED1E242D}.Debug|Any CPU.Build.0 = Debug|Any CPU
		{FD9C703B-F5AD-4362-9D34-63D5ED1E242D}.Release|Any CPU.ActiveCfg = Release|Any CPU
		{FD9C703B-F5AD-4362-9D34-63D5ED1E242D}.Release|Any CPU.Build.0 = Release|Any CPU
		{1190507D-F569-46C9-98A1-CD4A993D07EB}.Debug|Any CPU.ActiveCfg = Debug|Any CPU
		{1190507D-F569-46C9-98A1-CD4A993D07EB}.Debug|Any CPU.Build.0 = Debug|Any CPU
		{1190507D-F569-46C9-98A1-CD4A993D07EB}.Release|Any CPU.ActiveCfg = Release|Any CPU
		{1190507D-F569-46C9-98A1-CD4A993D07EB}.Release|Any CPU.Build.0 = Release|Any CPU
		{21759A1B-EA3C-43FB-975E-39A050A0EE00}.Debug|Any CPU.ActiveCfg = Debug|Any CPU
		{21759A1B-EA3C-43FB-975E-39A050A0EE00}.Debug|Any CPU.Build.0 = Debug|Any CPU
		{21759A1B-EA3C-43FB-975E-39A050A0EE00}.Release|Any CPU.ActiveCfg = Release|Any CPU
		{21759A1B-EA3C-43FB-975E-39A050A0EE00}.Release|Any CPU.Build.0 = Release|Any CPU
		{7DF7A1F3-18AB-4AB4-AC38-6EFBC17EF3FC}.Debug|Any CPU.ActiveCfg = Debug|Any CPU
		{7DF7A1F3-18AB-4AB4-AC38-6EFBC17EF3FC}.Debug|Any CPU.Build.0 = Debug|Any CPU
		{7DF7A1F3-18AB-4AB4-AC38-6EFBC17EF3FC}.Release|Any CPU.ActiveCfg = Release|Any CPU
		{7DF7A1F3-18AB-4AB4-AC38-6EFBC17EF3FC}.Release|Any CPU.Build.0 = Release|Any CPU
		{F9D42049-6C08-4C6E-8972-6B0D4099EE23}.Debug|Any CPU.ActiveCfg = Debug|Any CPU
		{F9D42049-6C08-4C6E-8972-6B0D4099EE23}.Debug|Any CPU.Build.0 = Debug|Any CPU
		{F9D42049-6C08-4C6E-8972-6B0D4099EE23}.Release|Any CPU.ActiveCfg = Release|Any CPU
		{F9D42049-6C08-4C6E-8972-6B0D4099EE23}.Release|Any CPU.Build.0 = Release|Any CPU
		{EFA7C63E-475F-437E-A0C9-807AC7E96173}.Debug|Any CPU.ActiveCfg = Debug|Any CPU
		{EFA7C63E-475F-437E-A0C9-807AC7E96173}.Debug|Any CPU.Build.0 = Debug|Any CPU
		{EFA7C63E-475F-437E-A0C9-807AC7E96173}.Release|Any CPU.ActiveCfg = Release|Any CPU
		{EFA7C63E-475F-437E-A0C9-807AC7E96173}.Release|Any CPU.Build.0 = Release|Any CPU
		{BA37491C-A606-4B89-BD72-4B1EAA42DEBA}.Debug|Any CPU.ActiveCfg = Debug|Any CPU
		{BA37491C-A606-4B89-BD72-4B1EAA42DEBA}.Debug|Any CPU.Build.0 = Debug|Any CPU
		{BA37491C-A606-4B89-BD72-4B1EAA42DEBA}.Release|Any CPU.ActiveCfg = Release|Any CPU
		{BA37491C-A606-4B89-BD72-4B1EAA42DEBA}.Release|Any CPU.Build.0 = Release|Any CPU
		{EB1C1662-34D8-4336-97C9-81C3F623C2C7}.Debug|Any CPU.ActiveCfg = Debug|Any CPU
		{EB1C1662-34D8-4336-97C9-81C3F623C2C7}.Debug|Any CPU.Build.0 = Debug|Any CPU
		{EB1C1662-34D8-4336-97C9-81C3F623C2C7}.Release|Any CPU.ActiveCfg = Release|Any CPU
		{EB1C1662-34D8-4336-97C9-81C3F623C2C7}.Release|Any CPU.Build.0 = Release|Any CPU
		{676CC564-2823-4E18-9669-261B27768869}.Debug|Any CPU.ActiveCfg = Debug|Any CPU
		{676CC564-2823-4E18-9669-261B27768869}.Debug|Any CPU.Build.0 = Debug|Any CPU
		{676CC564-2823-4E18-9669-261B27768869}.Release|Any CPU.ActiveCfg = Release|Any CPU
		{676CC564-2823-4E18-9669-261B27768869}.Release|Any CPU.Build.0 = Release|Any CPU
	EndGlobalSection
	GlobalSection(SolutionProperties) = preSolution
		HideSolutionNode = FALSE
	EndGlobalSection
	GlobalSection(NestedProjects) = preSolution
		{1B649C66-B494-4F2C-ADF1-E050C7BFF239} = {77CC7581-9BD8-4EB9-81E7-E7EABA3AA00D}
		{FD9C703B-F5AD-4362-9D34-63D5ED1E242D} = {77CC7581-9BD8-4EB9-81E7-E7EABA3AA00D}
		{1190507D-F569-46C9-98A1-CD4A993D07EB} = {A8CBFD8A-8F47-4CB2-82E7-DF90829CF274}
		{21759A1B-EA3C-43FB-975E-39A050A0EE00} = {A8CBFD8A-8F47-4CB2-82E7-DF90829CF274}
		{7DF7A1F3-18AB-4AB4-AC38-6EFBC17EF3FC} = {69087EAB-F50F-4D83-BBB4-35C231A5BB9F}
		{F9D42049-6C08-4C6E-8972-6B0D4099EE23} = {69087EAB-F50F-4D83-BBB4-35C231A5BB9F}
		{EFA7C63E-475F-437E-A0C9-807AC7E96173} = {EF5339E7-AC8C-4D89-B059-83164E087656}
		{69087EAB-F50F-4D83-BBB4-35C231A5BB9F} = {4C13DE35-F5A1-4964-AE53-EDBE24753BF1}
		{BA37491C-A606-4B89-BD72-4B1EAA42DEBA} = {69087EAB-F50F-4D83-BBB4-35C231A5BB9F}
		{EB1C1662-34D8-4336-97C9-81C3F623C2C7} = {A7358651-4C86-47DC-9C29-C3915E6B0562}
		{676CC564-2823-4E18-9669-261B27768869} = {A7358651-4C86-47DC-9C29-C3915E6B0562}
	EndGlobalSection
	GlobalSection(ExtensibilityGlobals) = postSolution
		SolutionGuid = {CE8C6238-1C54-46BB-BFCE-5A12184D6323}
	EndGlobalSection
EndGlobal
